
Microsoft Visual Studio Solution File, Format Version 12.00
# Visual Studio Version 16
VisualStudioVersion = 16.0.31112.23
MinimumVisualStudioVersion = 10.0.40219.1
Project("{FAE04EC0-301F-11D3-BF4B-00C04F79EFBC}") = "Tubes2_13519022", "Tubes2_13519022\Tubes2_13519022.csproj", "{DD836635-09CB-4EF2-9A38-7242A78C2F1A}"
EndProject
Global
	GlobalSection(SolutionConfigurationPlatforms) = preSolution
		Debug|Any CPU = Debug|Any CPU
		Release|Any CPU = Release|Any CPU
	EndGlobalSection
	GlobalSection(ProjectConfigurationPlatforms) = postSolution
		{DD836635-09CB-4EF2-9A38-7242A78C2F1A}.Debug|Any CPU.ActiveCfg = Debug|Any CPU
		{DD836635-09CB-4EF2-9A38-7242A78C2F1A}.Debug|Any CPU.Build.0 = Debug|Any CPU
		{DD836635-09CB-4EF2-9A38-7242A78C2F1A}.Release|Any CPU.ActiveCfg = Release|Any CPU
		{DD836635-09CB-4EF2-9A38-7242A78C2F1A}.Release|Any CPU.Build.0 = Release|Any CPU
	EndGlobalSection
	GlobalSection(SolutionProperties) = preSolution
		HideSolutionNode = FALSE
	EndGlobalSection
	GlobalSection(ExtensibilityGlobals) = postSolution
		SolutionGuid = {E9EEB534-97FB-4297-BD27-7CBAE94FEFEF}
	EndGlobalSection
EndGlobal
